
Microsoft Visual Studio Solution File, Format Version 12.00
# Visual Studio Version 17
VisualStudioVersion = 17.13.35828.75
MinimumVisualStudioVersion = 10.0.40219.1
Project("{FAE04EC0-301F-11D3-BF4B-00C04F79EFBC}") = "DemoAPI.API", "DemoAPI.API.csproj", "{AC904772-BC5D-4CD5-B598-A7CE1CD67EA4}"
EndProject
Project("{FAE04EC0-301F-11D3-BF4B-00C04F79EFBC}") = "DemoAPI.Infrastructure", "..\DemoAPI.Infrastructure\DemoAPI.Infrastructure.csproj", "{894680D8-6FDB-485B-A695-AD5678ABEAE2}"
EndProject
Project("{FAE04EC0-301F-11D3-BF4B-00C04F79EFBC}") = "DemoAPI.Services", "..\DemoAPI.Services\DemoAPI.Services.csproj", "{5ED763F6-1FBF-4793-9F70-1977D17464D1}"
EndProject
Project("{FAE04EC0-301F-11D3-BF4B-00C04F79EFBC}") = "DemoAPI.Core", "..\DemoAPI.Core\DemoAPI.Core.csproj", "{4EF45814-A790-CC77-EEA5-BEEC298A1CE9}"
EndProject
Global
	GlobalSection(SolutionConfigurationPlatforms) = preSolution
		Debug|Any CPU = Debug|Any CPU
		Release|Any CPU = Release|Any CPU
	EndGlobalSection
	GlobalSection(ProjectConfigurationPlatforms) = postSolution
		{AC904772-BC5D-4CD5-B598-A7CE1CD67EA4}.Debug|Any CPU.ActiveCfg = Debug|Any CPU
		{AC904772-BC5D-4CD5-B598-A7CE1CD67EA4}.Debug|Any CPU.Build.0 = Debug|Any CPU
		{AC904772-BC5D-4CD5-B598-A7CE1CD67EA4}.Release|Any CPU.ActiveCfg = Release|Any CPU
		{AC904772-BC5D-4CD5-B598-A7CE1CD67EA4}.Release|Any CPU.Build.0 = Release|Any CPU
		{894680D8-6FDB-485B-A695-AD5678ABEAE2}.Debug|Any CPU.ActiveCfg = Debug|Any CPU
		{894680D8-6FDB-485B-A695-AD5678ABEAE2}.Debug|Any CPU.Build.0 = Debug|Any CPU
		{894680D8-6FDB-485B-A695-AD5678ABEAE2}.Release|Any CPU.ActiveCfg = Release|Any CPU
		{894680D8-6FDB-485B-A695-AD5678ABEAE2}.Release|Any CPU.Build.0 = Release|Any CPU
		{5ED763F6-1FBF-4793-9F70-1977D17464D1}.Debug|Any CPU.ActiveCfg = Debug|Any CPU
		{5ED763F6-1FBF-4793-9F70-1977D17464D1}.Debug|Any CPU.Build.0 = Debug|Any CPU
		{5ED763F6-1FBF-4793-9F70-1977D17464D1}.Release|Any CPU.ActiveCfg = Release|Any CPU
		{5ED763F6-1FBF-4793-9F70-1977D17464D1}.Release|Any CPU.Build.0 = Release|Any CPU
		{4EF45814-A790-CC77-EEA5-BEEC298A1CE9}.Debug|Any CPU.ActiveCfg = Debug|Any CPU
		{4EF45814-A790-CC77-EEA5-BEEC298A1CE9}.Debug|Any CPU.Build.0 = Debug|Any CPU
		{4EF45814-A790-CC77-EEA5-BEEC298A1CE9}.Release|Any CPU.ActiveCfg = Release|Any CPU
		{4EF45814-A790-CC77-EEA5-BEEC298A1CE9}.Release|Any CPU.Build.0 = Release|Any CPU
	EndGlobalSection
	GlobalSection(SolutionProperties) = preSolution
		HideSolutionNode = FALSE
	EndGlobalSection
	GlobalSection(ExtensibilityGlobals) = postSolution
		SolutionGuid = {26390A6F-15EE-40CB-A66A-81F9DC080083}
	EndGlobalSection
EndGlobal
